
Microsoft Visual Studio Solution File, Format Version 12.00
# Visual Studio Version 16
VisualStudioVersion = 16.0.31129.286
MinimumVisualStudioVersion = 10.0.40219.1
Project("{FAE04EC0-301F-11D3-BF4B-00C04F79EFBC}") = "Cars", "Cars.csproj", "{A13671B7-02B0-4F8C-9EC7-363141B39DFD}"
EndProject
Global
	GlobalSection(SolutionConfigurationPlatforms) = preSolution
		Debug|Any CPU = Debug|Any CPU
		Release|Any CPU = Release|Any CPU
	EndGlobalSection
	GlobalSection(ProjectConfigurationPlatforms) = postSolution
		{A13671B7-02B0-4F8C-9EC7-363141B39DFD}.Debug|Any CPU.ActiveCfg = Debug|Any CPU
		{A13671B7-02B0-4F8C-9EC7-363141B39DFD}.Debug|Any CPU.Build.0 = Debug|Any CPU
		{A13671B7-02B0-4F8C-9EC7-363141B39DFD}.Release|Any CPU.ActiveCfg = Release|Any CPU
		{A13671B7-02B0-4F8C-9EC7-363141B39DFD}.Release|Any CPU.Build.0 = Release|Any CPU
	EndGlobalSection
	GlobalSection(SolutionProperties) = preSolution
		HideSolutionNode = FALSE
	EndGlobalSection
	GlobalSection(ExtensibilityGlobals) = postSolution
		SolutionGuid = {3FC9E163-F804-40D7-9335-45B9E618CA44}
	EndGlobalSection
EndGlobal
